# THIS IS AN AUTOGENERATED FILE. DO NOT EDIT THIS FILE DIRECTLY.
# yarn lockfile v1


csv-generate@^4.3.1:
  version "4.3.1"
  resolved "https://registry.yarnpkg.com/csv-generate/-/csv-generate-4.3.1.tgz#3ff7c481e07c7dc70fb2a95d50c6a7092a836a80"
  integrity sha512-7YeeJq+44/I/O5N2sr2qBMcHZXhpfe38eh7DOFxyMtYO+Pir7kIfgFkW5MPksqKqqR6+/wX7UGoZm1Ot11151w==

csv-parse@^5.5.3:
  version "5.5.3"
  resolved "https://registry.yarnpkg.com/csv-parse/-/csv-parse-5.5.3.tgz#0261050761ee46cd0e46421854bf9bf4de1317bf"
  integrity sha512-v0KW6C0qlZzoGjk6u5tLmVfyZxNgPGXZsWTXshpAgKVGmGXzaVWGdlCFxNx5iuzcXT/oJN1HHM9DZKwtAtYa+A==

csv-stringify@^6.4.5:
  version "6.4.5"
  resolved "https://registry.yarnpkg.com/csv-stringify/-/csv-stringify-6.4.5.tgz#99808b40ec30b86cc0e1c7d707c1d6ecbc4e1a00"
  integrity sha512-SPu1Vnh8U5EnzpNOi1NDBL5jU5Rx7DVHr15DNg9LXDTAbQlAVAmEbVt16wZvEW9Fu9Qt4Ji8kmeCJ2B1+4rFTQ==

csv@^6.3.6:
  version "6.3.6"
  resolved "https://registry.yarnpkg.com/csv/-/csv-6.3.6.tgz#f29e171b7e557a1c77c32c9d5ac82d14f659d1da"
  integrity sha512-jsEsX2HhGp7xiwrJu5srQavKsh+HUJcCi78Ar3m4jlmFKRoTkkMy7ZZPP+LnQChmaztW+uj44oyfMb59daAs/Q==
  dependencies:
    csv-generate "^4.3.1"
    csv-parse "^5.5.3"
    csv-stringify "^6.4.5"
    stream-transform "^3.3.0"

stream-transform@^3.3.0:
  version "3.3.0"
  resolved "https://registry.yarnpkg.com/stream-transform/-/stream-transform-3.3.0.tgz#b9d51b173acd94f195a941cb8856897f0a2af536"
  integrity sha512-pG1NeDdmErNYKtvTpFayrEueAmL0xVU5wd22V7InGnatl4Ocq3HY7dcXIKj629kXvYQvglCC7CeDIGAlx1RNGA==
